
Microsoft Visual Studio Solution File, Format Version 12.00
# Visual Studio Version 16
VisualStudioVersion = 16.0.35325.158
MinimumVisualStudioVersion = 10.0.40219.1
Project("{FAE04EC0-301F-11D3-BF4B-00C04F79EFBC}") = "TIENDA_ELECTRONICA", "TIENDA_ELECTRONICA\TIENDA_ELECTRONICA.csproj", "{8C81ED79-F449-4240-A79C-351A2214EF62}"
EndProject
Global
	GlobalSection(SolutionConfigurationPlatforms) = preSolution
		Debug|Any CPU = Debug|Any CPU
		Release|Any CPU = Release|Any CPU
	EndGlobalSection
	GlobalSection(ProjectConfigurationPlatforms) = postSolution
		{8C81ED79-F449-4240-A79C-351A2214EF62}.Debug|Any CPU.ActiveCfg = Debug|Any CPU
		{8C81ED79-F449-4240-A79C-351A2214EF62}.Debug|Any CPU.Build.0 = Debug|Any CPU
		{8C81ED79-F449-4240-A79C-351A2214EF62}.Release|Any CPU.ActiveCfg = Release|Any CPU
		{8C81ED79-F449-4240-A79C-351A2214EF62}.Release|Any CPU.Build.0 = Release|Any CPU
	EndGlobalSection
	GlobalSection(SolutionProperties) = preSolution
		HideSolutionNode = FALSE
	EndGlobalSection
	GlobalSection(ExtensibilityGlobals) = postSolution
		SolutionGuid = {81A14C6E-A476-486D-AC1B-B4844447186C}
	EndGlobalSection
EndGlobal
